version = 1
requires-python = "==3.8.10"

[[package]]
name = "ansible"
version = "6.7.0"
source = { registry = "https://pypi.org/simple" }
dependencies = [
    { name = "ansible-core" },
]
sdist = { url = "https://files.pythonhosted.org/packages/f5/8c/a4e46c1621e6f95559bb59a28cd62f817581c3d591db1353496f6a80eebd/ansible-6.7.0.tar.gz", hash = "sha256:c188f3ac8a8583794aadcff0bea87895ead58c19d6f244cd0c342562706e176c", size = 36371372 }
wheels = [
    { url = "https://files.pythonhosted.org/packages/d2/ba/99b47f2c618eef5044e2d8cbb0c12d80ba9586492f3e85fe1367fc38523b/ansible-6.7.0-py3-none-any.whl", hash = "sha256:3cda6e67b1d42516f64ce376bb94c5186ff33d215d155432be5b3c2ec60bf112", size = 42848492 },
]

[[package]]
name = "ansible-core"
version = "2.13.13"
source = { registry = "https://pypi.org/simple" }
dependencies = [
    { name = "cryptography" },
    { name = "jinja2" },
    { name = "packaging" },
    { name = "pyyaml" },
    { name = "resolvelib" },
]
sdist = { url = "https://files.pythonhosted.org/packages/33/ae/6a63fffda71543858ea0e0d78698d86e7cbdbd91b00b5335fa3f10031246/ansible-core-2.13.13.tar.gz", hash = "sha256:7ad2d8c0a5fa4a59de1809a5f96d2dbf511189c834116f5c72aec9730b51074b", size = 3146514 }
wheels = [
    { url = "https://files.pythonhosted.org/packages/d2/c6/c5b0da259e583dbeaefdccdfe0a1e4fd7a342dba00e263183856290c7fc9/ansible_core-2.13.13-py3-none-any.whl", hash = "sha256:f50220254b8e13a79b68e68e759f5bf89f3f3584c907737985a017c699b1c3b6", size = 2115491 },
]

[[package]]
name = "cffi"
version = "1.17.1"
source = { registry = "https://pypi.org/simple" }
dependencies = [
    { name = "pycparser" },
]
sdist = { url = "https://files.pythonhosted.org/packages/fc/97/c783634659c2920c3fc70419e3af40972dbaf758daa229a7d6ea6135c90d/cffi-1.17.1.tar.gz", hash = "sha256:1c39c6016c32bc48dd54561950ebd6836e1670f2ae46128f67cf49e789c52824", size = 516621 }
wheels = [
    { url = "https://files.pythonhosted.org/packages/48/08/15bf6b43ae9bd06f6b00ad8a91f5a8fe1069d4c9fab550a866755402724e/cffi-1.17.1-cp38-cp38-macosx_10_9_x86_64.whl", hash = "sha256:636062ea65bd0195bc012fea9321aca499c0504409f413dc88af450b57ffd03b", size = 182457 },
    { url = "https://files.pythonhosted.org/packages/c2/5b/f1523dd545f92f7df468e5f653ffa4df30ac222f3c884e51e139878f1cb5/cffi-1.17.1-cp38-cp38-manylinux_2_12_i686.manylinux2010_i686.manylinux_2_17_i686.manylinux2014_i686.whl", hash = "sha256:c7eac2ef9b63c79431bc4b25f1cd649d7f061a28808cbc6c47b534bd789ef964", size = 425932 },
    { url = "https://files.pythonhosted.org/packages/53/93/7e547ab4105969cc8c93b38a667b82a835dd2cc78f3a7dad6130cfd41e1d/cffi-1.17.1-cp38-cp38-manylinux_2_17_aarch64.manylinux2014_aarch64.whl", hash = "sha256:e221cf152cff04059d011ee126477f0d9588303eb57e88923578ace7baad17f9", size = 448585 },
    { url = "https://files.pythonhosted.org/packages/56/c4/a308f2c332006206bb511de219efeff090e9d63529ba0a77aae72e82248b/cffi-1.17.1-cp38-cp38-manylinux_2_17_ppc64le.manylinux2014_ppc64le.whl", hash = "sha256:31000ec67d4221a71bd3f67df918b1f88f676f1c3b535a7eb473255fdc0b83fc", size = 456268 },
    { url = "https://files.pythonhosted.org/packages/ca/5b/b63681518265f2f4060d2b60755c1c77ec89e5e045fc3773b72735ddaad5/cffi-1.17.1-cp38-cp38-manylinux_2_17_s390x.manylinux2014_s390x.whl", hash = "sha256:6f17be4345073b0a7b8ea599688f692ac3ef23ce28e5df79c04de519dbc4912c", size = 436592 },
    { url = "https://files.pythonhosted.org/packages/bb/19/b51af9f4a4faa4a8ac5a0e5d5c2522dcd9703d07fac69da34a36c4d960d3/cffi-1.17.1-cp38-cp38-manylinux_2_17_x86_64.manylinux2014_x86_64.whl", hash = "sha256:0e2b1fac190ae3ebfe37b979cc1ce69c81f4e4fe5746bb401dca63a9062cdaf1", size = 446512 },
    { url = "https://files.pythonhosted.org/packages/e2/63/2bed8323890cb613bbecda807688a31ed11a7fe7afe31f8faaae0206a9a3/cffi-1.17.1-cp38-cp38-win32.whl", hash = "sha256:7596d6620d3fa590f677e9ee430df2958d2d6d6de2feeae5b20e82c00b76fbf8", size = 171576 },
    { url = "https://files.pythonhosted.org/packages/2f/70/80c33b044ebc79527447fd4fbc5455d514c3bb840dede4455de97da39b4d/cffi-1.17.1-cp38-cp38-win_amd64.whl", hash = "sha256:78122be759c3f8a014ce010908ae03364d00a1f81ab5c7f4a7a5120607ea56e1", size = 181229 },
]

[[package]]
name = "cryptography"
version = "46.0.5"
source = { registry = "https://pypi.org/simple" }
dependencies = [
    { name = "cffi", marker = "platform_python_implementation != 'PyPy'" },
    { name = "typing-extensions" },
]
sdist = { url = "https://files.pythonhosted.org/packages/60/04/ee2a9e8542e4fa2773b81771ff8349ff19cdd56b7258a0cc442639052edb/cryptography-46.0.5.tar.gz", hash = "sha256:abace499247268e3757271b2f1e244b36b06f8515cf27c4d49468fc9eb16e93d", size = 750064 }
wheels = [
    { url = "https://files.pythonhosted.org/packages/f7/81/b0bb27f2ba931a65409c6b8a8b358a7f03c0e46eceacddff55f7c84b1f3b/cryptography-46.0.5-cp311-abi3-macosx_10_9_universal2.whl", hash = "sha256:351695ada9ea9618b3500b490ad54c739860883df6c1f555e088eaf25b1bbaad", size = 7176289 },
    { url = "https://files.pythonhosted.org/packages/ff/9e/6b4397a3e3d15123de3b1806ef342522393d50736c13b20ec4c9ea6693a6/cryptography-46.0.5-cp311-abi3-manylinux2014_aarch64.manylinux_2_17_aarch64.whl", hash = "sha256:c18ff11e86df2e28854939acde2d003f7984f721eba450b56a200ad90eeb0e6b", size = 4275637 },
    { url = "https://files.pythonhosted.org/packages/63/e7/471ab61099a3920b0c77852ea3f0ea611c9702f651600397ac567848b897/cryptography-46.0.5-cp311-abi3-manylinux2014_x86_64.manylinux_2_17_x86_64.whl", hash = "sha256:4d7e3d356b8cd4ea5aff04f129d5f66ebdc7b6f8eae802b93739ed520c47c79b", size = 4424742 },
    { url = "https://files.pythonhosted.org/packages/37/53/a18500f270342d66bf7e4d9f091114e31e5ee9e7375a5aba2e85a91e0044/cryptography-46.0.5-cp311-abi3-manylinux_2_28_aarch64.whl", hash = "sha256:50bfb6925eff619c9c023b967d5b77a54e04256c4281b0e21336a130cd7fc263", size = 4277528 },
    { url = "https://files.pythonhosted.org/packages/22/29/c2e812ebc38c57b40e7c583895e73c8c5adb4d1e4a0cc4c5a4fdab2b1acc/cryptography-46.0.5-cp311-abi3-manylinux_2_28_ppc64le.whl", hash = "sha256:803812e111e75d1aa73690d2facc295eaefd4439be1023fefc4995eaea2af90d", size = 4947993 },
    { url = "https://files.pythonhosted.org/packages/6b/e7/237155ae19a9023de7e30ec64e5d99a9431a567407ac21170a046d22a5a3/cryptography-46.0.5-cp311-abi3-manylinux_2_28_x86_64.whl", hash = "sha256:3ee190460e2fbe447175cda91b88b84ae8322a104fc27766ad09428754a618ed", size = 4456855 },
    { url = "https://files.pythonhosted.org/packages/2d/87/fc628a7ad85b81206738abbd213b07702bcbdada1dd43f72236ef3cffbb5/cryptography-46.0.5-cp311-abi3-manylinux_2_31_armv7l.whl", hash = "sha256:f145bba11b878005c496e93e257c1e88f154d278d2638e6450d17e0f31e558d2", size = 3984635 },
    { url = "https://files.pythonhosted.org/packages/84/29/65b55622bde135aedf4565dc509d99b560ee4095e56989e815f8fd2aa910/cryptography-46.0.5-cp311-abi3-manylinux_2_34_aarch64.whl", hash = "sha256:e9251e3be159d1020c4030bd2e5f84d6a43fe54b6c19c12f51cde9542a2817b2", size = 4277038 },
    { url = "https://files.pythonhosted.org/packages/bc/36/45e76c68d7311432741faf1fbf7fac8a196a0a735ca21f504c75d37e2558/cryptography-46.0.5-cp311-abi3-manylinux_2_34_ppc64le.whl", hash = "sha256:47fb8a66058b80e509c47118ef8a75d14c455e81ac369050f20ba0d23e77fee0", size = 4912181 },
    { url = "https://files.pythonhosted.org/packages/6d/1a/c1ba8fead184d6e3d5afcf03d569acac5ad063f3ac9fb7258af158f7e378/cryptography-46.0.5-cp311-abi3-manylinux_2_34_x86_64.whl", hash = "sha256:4c3341037c136030cb46e4b1e17b7418ea4cbd9dd207e4a6f3b2b24e0d4ac731", size = 4456482 },
    { url = "https://files.pythonhosted.org/packages/f9/e5/3fb22e37f66827ced3b902cf895e6a6bc1d095b5b26be26bd13c441fdf19/cryptography-46.0.5-cp311-abi3-musllinux_1_2_aarch64.whl", hash = "sha256:890bcb4abd5a2d3f852196437129eb3667d62630333aacc13dfd470fad3aaa82", size = 4405497 },
    { url = "https://files.pythonhosted.org/packages/1a/df/9d58bb32b1121a8a2f27383fabae4d63080c7ca60b9b5c88be742be04ee7/cryptography-46.0.5-cp311-abi3-musllinux_1_2_x86_64.whl", hash = "sha256:80a8d7bfdf38f87ca30a5391c0c9ce4ed2926918e017c29ddf643d0ed2778ea1", size = 4667819 },
    { url = "https://files.pythonhosted.org/packages/ea/ed/325d2a490c5e94038cdb0117da9397ece1f11201f425c4e9c57fe5b9f08b/cryptography-46.0.5-cp311-abi3-win32.whl", hash = "sha256:60ee7e19e95104d4c03871d7d7dfb3d22ef8a9b9c6778c94e1c8fcc8365afd48", size = 3028230 },
    { url = "https://files.pythonhosted.org/packages/e9/5a/ac0f49e48063ab4255d9e3b79f5def51697fce1a95ea1370f03dc9db76f6/cryptography-46.0.5-cp311-abi3-win_amd64.whl", hash = "sha256:38946c54b16c885c72c4f59846be9743d699eee2b69b6988e0a00a01f46a61a4", size = 3480909 },
    { url = "https://files.pythonhosted.org/packages/e2/fa/a66aa722105ad6a458bebd64086ca2b72cdd361fed31763d20390f6f1389/cryptography-46.0.5-cp38-abi3-macosx_10_9_universal2.whl", hash = "sha256:4108d4c09fbbf2789d0c926eb4152ae1760d5a2d97612b92d508d96c861e4d31", size = 7170514 },
    { url = "https://files.pythonhosted.org/packages/0f/04/c85bdeab78c8bc77b701bf0d9bdcf514c044e18a46dcff330df5448631b0/cryptography-46.0.5-cp38-abi3-manylinux2014_aarch64.manylinux_2_17_aarch64.whl", hash = "sha256:7d1f30a86d2757199cb2d56e48cce14deddf1f9c95f1ef1b64ee91ea43fe2e18", size = 4275349 },
    { url = "https://files.pythonhosted.org/packages/5c/32/9b87132a2f91ee7f5223b091dc963055503e9b442c98fc0b8a5ca765fab0/cryptography-46.0.5-cp38-abi3-manylinux2014_x86_64.manylinux_2_17_x86_64.whl", hash = "sha256:039917b0dc418bb9f6edce8a906572d69e74bd330b0b3fea4f79dab7f8ddd235", size = 4420667 },
    { url = "https://files.pythonhosted.org/packages/a1/a6/a7cb7010bec4b7c5692ca6f024150371b295ee1c108bdc1c400e4c44562b/cryptography-46.0.5-cp38-abi3-manylinux_2_28_aarch64.whl", hash = "sha256:ba2a27ff02f48193fc4daeadf8ad2590516fa3d0adeeb34336b96f7fa64c1e3a", size = 4276980 },
    { url = "https://files.pythonhosted.org/packages/8e/7c/c4f45e0eeff9b91e3f12dbd0e165fcf2a38847288fcfd889deea99fb7b6d/cryptography-46.0.5-cp38-abi3-manylinux_2_28_ppc64le.whl", hash = "sha256:61aa400dce22cb001a98014f647dc21cda08f7915ceb95df0c9eaf84b4b6af76", size = 4939143 },
    { url = "https://files.pythonhosted.org/packages/37/19/e1b8f964a834eddb44fa1b9a9976f4e414cbb7aa62809b6760c8803d22d1/cryptography-46.0.5-cp38-abi3-manylinux_2_28_x86_64.whl", hash = "sha256:3ce58ba46e1bc2aac4f7d9290223cead56743fa6ab94a5d53292ffaac6a91614", size = 4453674 },
    { url = "https://files.pythonhosted.org/packages/db/ed/db15d3956f65264ca204625597c410d420e26530c4e2943e05a0d2f24d51/cryptography-46.0.5-cp38-abi3-manylinux_2_31_armv7l.whl", hash = "sha256:420d0e909050490d04359e7fdb5ed7e667ca5c3c402b809ae2563d7e66a92229", size = 3978801 },
    { url = "https://files.pythonhosted.org/packages/41/e2/df40a31d82df0a70a0daf69791f91dbb70e47644c58581d654879b382d11/cryptography-46.0.5-cp38-abi3-manylinux_2_34_aarch64.whl", hash = "sha256:582f5fcd2afa31622f317f80426a027f30dc792e9c80ffee87b993200ea115f1", size = 4276755 },
    { url = "https://files.pythonhosted.org/packages/33/45/726809d1176959f4a896b86907b98ff4391a8aa29c0aaaf9450a8a10630e/cryptography-46.0.5-cp38-abi3-manylinux_2_34_ppc64le.whl", hash = "sha256:bfd56bb4b37ed4f330b82402f6f435845a5f5648edf1ad497da51a8452d5d62d", size = 4901539 },
    { url = "https://files.pythonhosted.org/packages/99/0f/a3076874e9c88ecb2ecc31382f6e7c21b428ede6f55aafa1aa272613e3cd/cryptography-46.0.5-cp38-abi3-manylinux_2_34_x86_64.whl", hash = "sha256:a3d507bb6a513ca96ba84443226af944b0f7f47dcc9a399d110cd6146481d24c", size = 4452794 },
    { url = "https://files.pythonhosted.org/packages/02/ef/ffeb542d3683d24194a38f66ca17c0a4b8bf10631feef44a7ef64e631b1a/cryptography-46.0.5-cp38-abi3-musllinux_1_2_aarch64.whl", hash = "sha256:9f16fbdf4da055efb21c22d81b89f155f02ba420558db21288b3d0035bafd5f4", size = 4404160 },
    { url = "https://files.pythonhosted.org/packages/96/93/682d2b43c1d5f1406ed048f377c0fc9fc8f7b0447a478d5c65ab3d3a66eb/cryptography-46.0.5-cp38-abi3-musllinux_1_2_x86_64.whl", hash = "sha256:ced80795227d70549a411a4ab66e8ce307899fad2220ce5ab2f296e687eacde9", size = 4667123 },
    { url = "https://files.pythonhosted.org/packages/45/2d/9c5f2926cb5300a8eefc3f4f0b3f3df39db7f7ce40c8365444c49363cbda/cryptography-46.0.5-cp38-abi3-win32.whl", hash = "sha256:02f547fce831f5096c9a567fd41bc12ca8f11df260959ecc7c3202555cc47a72", size = 3010220 },
    { url = "https://files.pythonhosted.org/packages/48/ef/0c2f4a8e31018a986949d34a01115dd057bf536905dca38897bacd21fac3/cryptography-46.0.5-cp38-abi3-win_amd64.whl", hash = "sha256:556e106ee01aa13484ce9b0239bca667be5004efb0aabbed28d353df86445595", size = 3467050 },
]

[[package]]
name = "invoke"
version = "2.2.1"
source = { registry = "https://pypi.org/simple" }
sdist = { url = "https://files.pythonhosted.org/packages/de/bd/b461d3424a24c80490313fd77feeb666ca4f6a28c7e72713e3d9095719b4/invoke-2.2.1.tar.gz", hash = "sha256:515bf49b4a48932b79b024590348da22f39c4942dff991ad1fb8b8baea1be707", size = 304762 }
wheels = [
    { url = "https://files.pythonhosted.org/packages/32/4b/b99e37f88336009971405cbb7630610322ed6fbfa31e1d7ab3fbf3049a2d/invoke-2.2.1-py3-none-any.whl", hash = "sha256:2413bc441b376e5cd3f55bb5d364f973ad8bdd7bf87e53c79de3c11bf3feecc8", size = 160287 },
]

[[package]]
name = "jinja2"
version = "3.1.6"
source = { registry = "https://pypi.org/simple" }
dependencies = [
    { name = "markupsafe" },
]
sdist = { url = "https://files.pythonhosted.org/packages/df/bf/f7da0350254c0ed7c72f3e33cef02e048281fec7ecec5f032d4aac52226b/jinja2-3.1.6.tar.gz", hash = "sha256:0137fb05990d35f1275a587e9aee6d56da821fc83491a0fb838183be43f66d6d", size = 245115 }
wheels = [
    { url = "https://files.pythonhosted.org/packages/62/a1/3d680cbfd5f4b8f15abc1d571870c5fc3e594bb582bc3b64ea099db13e56/jinja2-3.1.6-py3-none-any.whl", hash = "sha256:85ece4451f492d0c13c5dd7c13a64681a86afae63a5f347908daf103ce6d2f67", size = 134899 },
]

[[package]]
name = "markupsafe"
version = "2.1.5"
source = { registry = "https://pypi.org/simple" }
sdist = { url = "https://files.pythonhosted.org/packages/87/5b/aae44c6655f3801e81aa3eef09dbbf012431987ba564d7231722f68df02d/MarkupSafe-2.1.5.tar.gz", hash = "sha256:d283d37a890ba4c1ae73ffadf8046435c76e7bc2247bbb63c00bd1a709c6544b", size = 19384 }
wheels = [
    { url = "https://files.pythonhosted.org/packages/f8/ff/2c942a82c35a49df5de3a630ce0a8456ac2969691b230e530ac12314364c/MarkupSafe-2.1.5-cp38-cp38-macosx_10_9_universal2.whl", hash = "sha256:656f7526c69fac7f600bd1f400991cc282b417d17539a1b228617081106feb4a", size = 18192 },
    { url = "https://files.pythonhosted.org/packages/4f/14/6f294b9c4f969d0c801a4615e221c1e084722ea6114ab2114189c5b8cbe0/MarkupSafe-2.1.5-cp38-cp38-macosx_10_9_x86_64.whl", hash = "sha256:97cafb1f3cbcd3fd2b6fbfb99ae11cdb14deea0736fc2b0952ee177f2b813a46", size = 14072 },
    { url = "https://files.pythonhosted.org/packages/81/d4/fd74714ed30a1dedd0b82427c02fa4deec64f173831ec716da11c51a50aa/MarkupSafe-2.1.5-cp38-cp38-manylinux_2_17_aarch64.manylinux2014_aarch64.whl", hash = "sha256:1f3fbcb7ef1f16e48246f704ab79d79da8a46891e2da03f8783a5b6fa41a9532", size = 26928 },
    { url = "https://files.pythonhosted.org/packages/c7/bd/50319665ce81bb10e90d1cf76f9e1aa269ea6f7fa30ab4521f14d122a3df/MarkupSafe-2.1.5-cp38-cp38-manylinux_2_17_x86_64.manylinux2014_x86_64.whl", hash = "sha256:fa9db3f79de01457b03d4f01b34cf91bc0048eb2c3846ff26f66687c2f6d16ab", size = 26106 },
    { url = "https://files.pythonhosted.org/packages/4c/6f/f2b0f675635b05f6afd5ea03c094557bdb8622fa8e673387444fe8d8e787/MarkupSafe-2.1.5-cp38-cp38-manylinux_2_5_i686.manylinux1_i686.manylinux_2_17_i686.manylinux2014_i686.whl", hash = "sha256:ffee1f21e5ef0d712f9033568f8344d5da8cc2869dbd08d87c84656e6a2d2f68", size = 25781 },
    { url = "https://files.pythonhosted.org/packages/51/e0/393467cf899b34a9d3678e78961c2c8cdf49fb902a959ba54ece01273fb1/MarkupSafe-2.1.5-cp38-cp38-musllinux_1_1_aarch64.whl", hash = "sha256:5dedb4db619ba5a2787a94d877bc8ffc0566f92a01c0ef214865e54ecc9ee5e0", size = 30518 },
    { url = "https://files.pythonhosted.org/packages/f6/02/5437e2ad33047290dafced9df741d9efc3e716b75583bbd73a9984f1b6f7/MarkupSafe-2.1.5-cp38-cp38-musllinux_1_1_i686.whl", hash = "sha256:30b600cf0a7ac9234b2638fbc0fb6158ba5bdcdf46aeb631ead21248b9affbc4", size = 29669 },
    { url = "https://files.pythonhosted.org/packages/0e/7d/968284145ffd9d726183ed6237c77938c021abacde4e073020f920e060b2/MarkupSafe-2.1.5-cp38-cp38-musllinux_1_1_x86_64.whl", hash = "sha256:8dd717634f5a044f860435c1d8c16a270ddf0ef8588d4887037c5028b859b0c3", size = 29933 },
    { url = "https://files.pythonhosted.org/packages/bf/f3/ecb00fc8ab02b7beae8699f34db9357ae49d9f21d4d3de6f305f34fa949e/MarkupSafe-2.1.5-cp38-cp38-win32.whl", hash = "sha256:daa4ee5a243f0f20d528d939d06670a298dd39b1ad5f8a72a4275124a7819eff", size = 16656 },
    { url = "https://files.pythonhosted.org/packages/92/21/357205f03514a49b293e214ac39de01fadd0970a6e05e4bf1ddd0ffd0881/MarkupSafe-2.1.5-cp38-cp38-win_amd64.whl", hash = "sha256:619bc166c4f2de5caa5a633b8b7326fbe98e0ccbfacabd87268a2b15ff73a029", size = 17206 },
]

[[package]]
name = "otus-bi-deploy"
version = "0.1.0"
source = { virtual = "." }
dependencies = [
    { name = "ansible" },
    { name = "invoke" },
]

[package.metadata]
requires-dist = [
    { name = "ansible", specifier = "==6.7.0" },
    { name = "invoke", specifier = ">=2.2.1" },
]

[[package]]
name = "packaging"
version = "26.0"
source = { registry = "https://pypi.org/simple" }
sdist = { url = "https://files.pythonhosted.org/packages/65/ee/299d360cdc32edc7d2cf530f3accf79c4fca01e96ffc950d8a52213bd8e4/packaging-26.0.tar.gz", hash = "sha256:00243ae351a257117b6a241061796684b084ed1c516a08c48a3f7e147a9d80b4", size = 143416 }
wheels = [
    { url = "https://files.pythonhosted.org/packages/b7/b9/c538f279a4e237a006a2c98387d081e9eb060d203d8ed34467cc0f0b9b53/packaging-26.0-py3-none-any.whl", hash = "sha256:b36f1fef9334a5588b4166f8bcd26a14e521f2b55e6b9de3aaa80d3ff7a37529", size = 74366 },
]

[[package]]
name = "pycparser"
version = "2.23"
source = { registry = "https://pypi.org/simple" }
sdist = { url = "https://files.pythonhosted.org/packages/fe/cf/d2d3b9f5699fb1e4615c8e32ff220203e43b248e1dfcc6736ad9057731ca/pycparser-2.23.tar.gz", hash = "sha256:78816d4f24add8f10a06d6f05b4d424ad9e96cfebf68a4ddc99c65c0720d00c2", size = 173734 }
wheels = [
    { url = "https://files.pythonhosted.org/packages/a0/e3/59cd50310fc9b59512193629e1984c1f95e5c8ae6e5d8c69532ccc65a7fe/pycparser-2.23-py3-none-any.whl", hash = "sha256:e5c6e8d3fbad53479cab09ac03729e0a9faf2bee3db8208a550daf5af81a5934", size = 118140 },
]

[[package]]
name = "pyyaml"
version = "6.0.3"
source = { registry = "https://pypi.org/simple" }
sdist = { url = "https://files.pythonhosted.org/packages/05/8e/961c0007c59b8dd7729d542c61a4d537767a59645b82a0b521206e1e25c2/pyyaml-6.0.3.tar.gz", hash = "sha256:d76623373421df22fb4cf8817020cbb7ef15c725b9d5e45f17e189bfc384190f", size = 130960 }
wheels = [
    { url = "https://files.pythonhosted.org/packages/0d/a2/09f67a3589cb4320fb5ce90d3fd4c9752636b8b6ad8f34b54d76c5a54693/PyYAML-6.0.3-cp38-cp38-macosx_10_13_x86_64.whl", hash = "sha256:c2514fceb77bc5e7a2f7adfaa1feb2fb311607c9cb518dbc378688ec73d8292f", size = 186824 },
    { url = "https://files.pythonhosted.org/packages/02/72/d972384252432d57f248767556ac083793292a4adf4e2d85dfe785ec2659/PyYAML-6.0.3-cp38-cp38-manylinux2014_aarch64.manylinux_2_17_aarch64.manylinux_2_28_aarch64.whl", hash = "sha256:9c57bb8c96f6d1808c030b1687b9b5fb476abaa47f0db9c0101f5e9f394e97f4", size = 795069 },
    { url = "https://files.pythonhosted.org/packages/a7/3b/6c58ac0fa7c4e1b35e48024eb03d00817438310447f93ef4431673c24138/PyYAML-6.0.3-cp38-cp38-manylinux2014_s390x.manylinux_2_17_s390x.manylinux_2_28_s390x.whl", hash = "sha256:efd7b85f94a6f21e4932043973a7ba2613b059c4a000551892ac9f1d11f5baf3", size = 862585 },
    { url = "https://files.pythonhosted.org/packages/25/a2/b725b61ac76a75583ae7104b3209f75ea44b13cfd026aa535ece22b7f22e/PyYAML-6.0.3-cp38-cp38-manylinux2014_x86_64.manylinux_2_17_x86_64.manylinux_2_28_x86_64.whl", hash = "sha256:22ba7cfcad58ef3ecddc7ed1db3409af68d023b7f940da23c6c2a1890976eda6", size = 806018 },
    { url = "https://files.pythonhosted.org/packages/6f/b0/b2227677b2d1036d84f5ee95eb948e7af53d59fe3e4328784e4d290607e0/PyYAML-6.0.3-cp38-cp38-musllinux_1_2_x86_64.whl", hash = "sha256:6344df0d5755a2c9a276d4473ae6b90647e216ab4757f8426893b5dd2ac3f369", size = 802822 },
    { url = "https://files.pythonhosted.org/packages/99/a5/718a8ea22521e06ef19f91945766a892c5ceb1855df6adbde67d997ea7ed/PyYAML-6.0.3-cp38-cp38-win32.whl", hash = "sha256:3ff07ec89bae51176c0549bc4c63aa6202991da2d9a6129d7aef7f1407d3f295", size = 143744 },
    { url = "https://files.pythonhosted.org/packages/76/b2/2b69cee94c9eb215216fc05778675c393e3aa541131dc910df8e52c83776/PyYAML-6.0.3-cp38-cp38-win_amd64.whl", hash = "sha256:5cf4e27da7e3fbed4d6c3d8e797387aaad68102272f8f9752883bc32d61cb87b", size = 160082 },
]

[[package]]
name = "resolvelib"
version = "0.8.1"
source = { registry = "https://pypi.org/simple" }
sdist = { url = "https://files.pythonhosted.org/packages/ac/20/9541749d77aebf66dd92e2b803f38a50e3a5c76e7876f45eb2b37e758d82/resolvelib-0.8.1.tar.gz", hash = "sha256:c6ea56732e9fb6fca1b2acc2ccc68a0b6b8c566d8f3e78e0443310ede61dbd37", size = 17308 }
wheels = [
    { url = "https://files.pythonhosted.org/packages/98/c0/46cfa3f56e43033b705965120058c018375600fa8fdb44c4e53d75820673/resolvelib-0.8.1-py2.py3-none-any.whl", hash = "sha256:d9b7907f055c3b3a2cfc56c914ffd940122915826ff5fb5b1de0c99778f4de98", size = 16113 },
]

[[package]]
name = "typing-extensions"
version = "4.13.2"
source = { registry = "https://pypi.org/simple" }
sdist = { url = "https://files.pythonhosted.org/packages/f6/37/23083fcd6e35492953e8d2aaaa68b860eb422b34627b13f2ce3eb6106061/typing_extensions-4.13.2.tar.gz", hash = "sha256:e6c81219bd689f51865d9e372991c540bda33a0379d5573cddb9a3a23f7caaef", size = 106967 }
wheels = [
    { url = "https://files.pythonhosted.org/packages/8b/54/b1ae86c0973cc6f0210b53d508ca3641fb6d0c56823f288d108bc7ab3cc8/typing_extensions-4.13.2-py3-none-any.whl", hash = "sha256:a439e7c04b49fec3e5d3e2beaa21755cadbbdc391694e28ccdd36ca4a1408f8c", size = 45806 },
]
